
Microsoft Visual Studio Solution File, Format Version 12.00
# Visual Studio Version 17
VisualStudioVersion = 17.0.31903.59
MinimumVisualStudioVersion = 10.0.40219.1
Project("{FAE04EC0-301F-11D3-BF4B-00C04F79EFBC}") = "Docamatic.Data", "Docamatic.Data\Docamatic.Data.csproj", "{1F38EEA2-59F3-4769-833B-CD046DEC06BF}"
EndProject
Project("{FAE04EC0-301F-11D3-BF4B-00C04F79EFBC}") = "Docamatic.Services", "Docamatic.Services\Docamatic.Services.csproj", "{745A9B45-CA37-4482-B48A-4C9997A18E1D}"
EndProject
Project("{FAE04EC0-301F-11D3-BF4B-00C04F79EFBC}") = "Api", "Api\Api.csproj", "{7DC701A9-4556-498F-B0E1-1D7A1093EAE7}"
EndProject
Global
	GlobalSection(SolutionConfigurationPlatforms) = preSolution
		Debug|Any CPU = Debug|Any CPU
		Release|Any CPU = Release|Any CPU
	EndGlobalSection
	GlobalSection(SolutionProperties) = preSolution
		HideSolutionNode = FALSE
	EndGlobalSection
	GlobalSection(ProjectConfigurationPlatforms) = postSolution
		{1F38EEA2-59F3-4769-833B-CD046DEC06BF}.Debug|Any CPU.ActiveCfg = Debug|Any CPU
		{1F38EEA2-59F3-4769-833B-CD046DEC06BF}.Debug|Any CPU.Build.0 = Debug|Any CPU
		{1F38EEA2-59F3-4769-833B-CD046DEC06BF}.Release|Any CPU.ActiveCfg = Release|Any CPU
		{1F38EEA2-59F3-4769-833B-CD046DEC06BF}.Release|Any CPU.Build.0 = Release|Any CPU
		{745A9B45-CA37-4482-B48A-4C9997A18E1D}.Debug|Any CPU.ActiveCfg = Debug|Any CPU
		{745A9B45-CA37-4482-B48A-4C9997A18E1D}.Debug|Any CPU.Build.0 = Debug|Any CPU
		{745A9B45-CA37-4482-B48A-4C9997A18E1D}.Release|Any CPU.ActiveCfg = Release|Any CPU
		{745A9B45-CA37-4482-B48A-4C9997A18E1D}.Release|Any CPU.Build.0 = Release|Any CPU
		{7DC701A9-4556-498F-B0E1-1D7A1093EAE7}.Debug|Any CPU.ActiveCfg = Debug|Any CPU
		{7DC701A9-4556-498F-B0E1-1D7A1093EAE7}.Debug|Any CPU.Build.0 = Debug|Any CPU
		{7DC701A9-4556-498F-B0E1-1D7A1093EAE7}.Release|Any CPU.ActiveCfg = Release|Any CPU
		{7DC701A9-4556-498F-B0E1-1D7A1093EAE7}.Release|Any CPU.Build.0 = Release|Any CPU
	EndGlobalSection
EndGlobal
